
Microsoft Visual Studio Solution File, Format Version 12.00
# Visual Studio Version 17
VisualStudioVersion = 17.5.002.0
MinimumVisualStudioVersion = 10.0.40219.1
Project("{9A19103F-16F7-4668-BE54-9A1E7A4F7556}") = "Projeto", "Projeto.csproj", "{D1F07511-51D6-49FA-BCD2-AC8C3624E6C7}"
EndProject
Global
	GlobalSection(SolutionConfigurationPlatforms) = preSolution
		Debug|Any CPU = Debug|Any CPU
		Release|Any CPU = Release|Any CPU
	EndGlobalSection
	GlobalSection(ProjectConfigurationPlatforms) = postSolution
		{D1F07511-51D6-49FA-BCD2-AC8C3624E6C7}.Debug|Any CPU.ActiveCfg = Debug|Any CPU
		{D1F07511-51D6-49FA-BCD2-AC8C3624E6C7}.Debug|Any CPU.Build.0 = Debug|Any CPU
		{D1F07511-51D6-49FA-BCD2-AC8C3624E6C7}.Release|Any CPU.ActiveCfg = Release|Any CPU
		{D1F07511-51D6-49FA-BCD2-AC8C3624E6C7}.Release|Any CPU.Build.0 = Release|Any CPU
	EndGlobalSection
	GlobalSection(SolutionProperties) = preSolution
		HideSolutionNode = FALSE
	EndGlobalSection
	GlobalSection(ExtensibilityGlobals) = postSolution
		SolutionGuid = {04F74C44-3918-4843-A20F-CB9AAFC51922}
	EndGlobalSection
EndGlobal
